
Microsoft Visual Studio Solution File, Format Version 12.00
# Visual Studio Version 16
VisualStudioVersion = 16.0.31729.503
MinimumVisualStudioVersion = 10.0.40219.1
Project("{F184B08F-C81C-45F6-A57F-5ABD9991F28F}") = "kp1", "kp1\kp1.vbproj", "{66F41B3D-23ED-4EED-9A67-48E35F40F326}"
EndProject
Global
	GlobalSection(SolutionConfigurationPlatforms) = preSolution
		Debug|Any CPU = Debug|Any CPU
		Release|Any CPU = Release|Any CPU
	EndGlobalSection
	GlobalSection(ProjectConfigurationPlatforms) = postSolution
		{66F41B3D-23ED-4EED-9A67-48E35F40F326}.Debug|Any CPU.ActiveCfg = Debug|Any CPU
		{66F41B3D-23ED-4EED-9A67-48E35F40F326}.Debug|Any CPU.Build.0 = Debug|Any CPU
		{66F41B3D-23ED-4EED-9A67-48E35F40F326}.Release|Any CPU.ActiveCfg = Release|Any CPU
		{66F41B3D-23ED-4EED-9A67-48E35F40F326}.Release|Any CPU.Build.0 = Release|Any CPU
	EndGlobalSection
	GlobalSection(SolutionProperties) = preSolution
		HideSolutionNode = FALSE
	EndGlobalSection
	GlobalSection(ExtensibilityGlobals) = postSolution
		SolutionGuid = {51ABAC79-EB8C-489D-8C70-004A2A552C9E}
	EndGlobalSection
EndGlobal
